
Microsoft Visual Studio Solution File, Format Version 12.00
# Visual Studio Version 17
VisualStudioVersion = 17.11.35327.3
MinimumVisualStudioVersion = 10.0.40219.1
Project("{FAE04EC0-301F-11D3-BF4B-00C04F79EFBC}") = "ConsoleApp2", "ConsoleApp2\ConsoleApp2.csproj", "{2A233D8D-EAF0-4DB4-99DF-950E4415128A}"
EndProject
Global
	GlobalSection(SolutionConfigurationPlatforms) = preSolution
		Debug|Any CPU = Debug|Any CPU
		Release|Any CPU = Release|Any CPU
	EndGlobalSection
	GlobalSection(ProjectConfigurationPlatforms) = postSolution
		{2A233D8D-EAF0-4DB4-99DF-950E4415128A}.Debug|Any CPU.ActiveCfg = Debug|Any CPU
		{2A233D8D-EAF0-4DB4-99DF-950E4415128A}.Debug|Any CPU.Build.0 = Debug|Any CPU
		{2A233D8D-EAF0-4DB4-99DF-950E4415128A}.Release|Any CPU.ActiveCfg = Release|Any CPU
		{2A233D8D-EAF0-4DB4-99DF-950E4415128A}.Release|Any CPU.Build.0 = Release|Any CPU
	EndGlobalSection
	GlobalSection(SolutionProperties) = preSolution
		HideSolutionNode = FALSE
	EndGlobalSection
	GlobalSection(ExtensibilityGlobals) = postSolution
		SolutionGuid = {64487629-9851-4C93-99EE-4741152D4086}
	EndGlobalSection
EndGlobal
