
Microsoft Visual Studio Solution File, Format Version 12.00
# Visual Studio Version 17
VisualStudioVersion = 17.11.35327.3
MinimumVisualStudioVersion = 10.0.40219.1
Project("{FAE04EC0-301F-11D3-BF4B-00C04F79EFBC}") = "DPI", "DPI\DPI.csproj", "{FF32EDE8-CACB-4B47-BDA7-D9CE042EF7A1}"
EndProject
Global
	GlobalSection(SolutionConfigurationPlatforms) = preSolution
		Debug|Any CPU = Debug|Any CPU
		Release|Any CPU = Release|Any CPU
	EndGlobalSection
	GlobalSection(ProjectConfigurationPlatforms) = postSolution
		{FF32EDE8-CACB-4B47-BDA7-D9CE042EF7A1}.Debug|Any CPU.ActiveCfg = Debug|Any CPU
		{FF32EDE8-CACB-4B47-BDA7-D9CE042EF7A1}.Debug|Any CPU.Build.0 = Debug|Any CPU
		{FF32EDE8-CACB-4B47-BDA7-D9CE042EF7A1}.Release|Any CPU.ActiveCfg = Release|Any CPU
		{FF32EDE8-CACB-4B47-BDA7-D9CE042EF7A1}.Release|Any CPU.Build.0 = Release|Any CPU
	EndGlobalSection
	GlobalSection(SolutionProperties) = preSolution
		HideSolutionNode = FALSE
	EndGlobalSection
	GlobalSection(ExtensibilityGlobals) = postSolution
		SolutionGuid = {24D38D4C-CE61-4C4D-A5E3-38E13B789DEA}
	EndGlobalSection
EndGlobal
